
Microsoft Visual Studio Solution File, Format Version 12.00
# Visual Studio Version 17
VisualStudioVersion = 17.2.32516.85
MinimumVisualStudioVersion = 10.0.40219.1
Project("{9A19103F-16F7-4668-BE54-9A1E7A4F7556}") = "ProyectoFinalDM2022", "ProyectoFinalDM2022\ProyectoFinalDM2022.csproj", "{7140625C-9028-44F3-B542-2546AEAA3ADF}"
EndProject
Project("{2150E333-8FDC-42A3-9474-1A3956D46DE8}") = "Front-ENd", "Front-ENd", "{4CFE065B-0DA3-47BF-B3CF-93B310EF7A5D}"
EndProject
Global
	GlobalSection(SolutionConfigurationPlatforms) = preSolution
		Debug|Any CPU = Debug|Any CPU
		Release|Any CPU = Release|Any CPU
	EndGlobalSection
	GlobalSection(ProjectConfigurationPlatforms) = postSolution
		{7140625C-9028-44F3-B542-2546AEAA3ADF}.Debug|Any CPU.ActiveCfg = Debug|Any CPU
		{7140625C-9028-44F3-B542-2546AEAA3ADF}.Debug|Any CPU.Build.0 = Debug|Any CPU
		{7140625C-9028-44F3-B542-2546AEAA3ADF}.Release|Any CPU.ActiveCfg = Release|Any CPU
		{7140625C-9028-44F3-B542-2546AEAA3ADF}.Release|Any CPU.Build.0 = Release|Any CPU
	EndGlobalSection
	GlobalSection(SolutionProperties) = preSolution
		HideSolutionNode = FALSE
	EndGlobalSection
	GlobalSection(ExtensibilityGlobals) = postSolution
		SolutionGuid = {C5A35835-7BD3-4F42-BE6B-EF05BD6F37EC}
	EndGlobalSection
EndGlobal
